{
  "name": "toMicroservices-frontend",
  "lockfileVersion": 3,
  "requires": true,
  "packages": {
    "": {
      "dependencies": {
        "cytoscape": "^3.30.4",
        "cytoscape-expand-collapse": "^4.1.1",
        "cytoscape-fcose": "^2.2.0",
        "node": "^22.17.0"
      }
    },
    "node_modules/cose-base": {
      "version": "2.2.0",
      "resolved": "https://registry.npmjs.org/cose-base/-/cose-base-2.2.0.tgz",
      "integrity": "sha512-AzlgcsCbUMymkADOJtQm3wO9S3ltPfYOFD5033keQn9NJzIbtnZj+UdBJe7DYml/8TdbtHJW3j58SOnKhWY/5g==",
      "dependencies": {
        "layout-base": "^2.0.0"
      }
    },
    "node_modules/cytoscape": {
      "version": "3.32.0",
      "resolved": "https://registry.npmjs.org/cytoscape/-/cytoscape-3.32.0.tgz",
      "integrity": "sha512-5JHBC9n75kz5851jeklCPmZWcg3hUe6sjqJvyk3+hVqFaKcHwHgxsjeN1yLmggoUc6STbtm9/NQyabQehfjvWQ==",
      "engines": {
        "node": ">=0.10"
      }
    },
    "node_modules/cytoscape-expand-collapse": {
      "version": "4.1.1",
      "resolved": "https://registry.npmjs.org/cytoscape-expand-collapse/-/cytoscape-expand-collapse-4.1.1.tgz",
      "integrity": "sha512-MI4/GsA6Rf6RRzNR1aCitBLSnxiIKLxvZyCzF+oti/zn/ui1jmf769VcEFAEbjjsAtwteGsTmczI+niCMWJNvA==",
      "peerDependencies": {
        "cytoscape": "^3.3.0"
      }
    },
    "node_modules/cytoscape-fcose": {
      "version": "2.2.0",
      "resolved": "https://registry.npmjs.org/cytoscape-fcose/-/cytoscape-fcose-2.2.0.tgz",
      "integrity": "sha512-ki1/VuRIHFCzxWNrsshHYPs6L7TvLu3DL+TyIGEsRcvVERmxokbf5Gdk7mFxZnTdiGtnA4cfSmjZJMviqSuZrQ==",
      "dependencies": {
        "cose-base": "^2.2.0"
      },
      "peerDependencies": {
        "cytoscape": "^3.2.0"
      }
    },
    "node_modules/layout-base": {
      "version": "2.0.1",
      "resolved": "https://registry.npmjs.org/layout-base/-/layout-base-2.0.1.tgz",
      "integrity": "sha512-dp3s92+uNI1hWIpPGH3jK2kxE2lMjdXdr+DH8ynZHpd6PUlH6x6cbuXnoMmiNumznqaNO31xu9e79F0uuZ0JFg=="
    },
    "node_modules/node": {
      "version": "22.17.0",
      "resolved": "https://registry.npmjs.org/node/-/node-22.17.0.tgz",
      "integrity": "sha512-cDrw3NvGAB1QUWxTEd9mX/vf+mAhe42IwBkQ7T9z2GhIPyNM+I1u32NMu9ZgNE85UDUWmIUL4oe4JylVlwvG2Q==",
      "hasInstallScript": true,
      "dependencies": {
        "node-bin-setup": "^1.0.0"
      },
      "bin": {
        "node": "bin/node"
      },
      "engines": {
        "npm": ">=5.0.0"
      }
    },
    "node_modules/node-bin-setup": {
      "version": "1.1.4",
      "resolved": "https://registry.npmjs.org/node-bin-setup/-/node-bin-setup-1.1.4.tgz",
      "integrity": "sha512-vWNHOne0ZUavArqPP5LJta50+S8R261Fr5SvGul37HbEDcowvLjwdvd0ZeSr0r2lTSrPxl6okq9QUw8BFGiAxA=="
    }
  }
}
